
Microsoft Visual Studio Solution File, Format Version 12.00
# Visual Studio 2012
Project("{FAE04EC0-301F-11D3-BF4B-00C04F79EFBC}") = "WindowsFormsApplication1", "WindowsFormsApplication1\WindowsFormsApplication1.csproj", "{44F63495-0DF1-4DA5-8127-A43FBFDFF0CB}"
EndProject
Global
	GlobalSection(SolutionConfigurationPlatforms) = preSolution
		Debug|Any CPU = Debug|Any CPU
		Release|Any CPU = Release|Any CPU
	EndGlobalSection
	GlobalSection(ProjectConfigurationPlatforms) = postSolution
		{44F63495-0DF1-4DA5-8127-A43FBFDFF0CB}.Debug|Any CPU.ActiveCfg = Debug|Any CPU
		{44F63495-0DF1-4DA5-8127-A43FBFDFF0CB}.Debug|Any CPU.Build.0 = Debug|Any CPU
		{44F63495-0DF1-4DA5-8127-A43FBFDFF0CB}.Release|Any CPU.ActiveCfg = Release|Any CPU
		{44F63495-0DF1-4DA5-8127-A43FBFDFF0CB}.Release|Any CPU.Build.0 = Release|Any CPU
	EndGlobalSection
	GlobalSection(SolutionProperties) = preSolution
		HideSolutionNode = FALSE
	EndGlobalSection
EndGlobal
